<?xml version="1.0" encoding="utf-8"?>
<Project ToolsVersion="4.0" xmlns="http://schemas.microsoft.com/developer/msbuild/2003">
  <ItemGroup>
    <Filter Include="Rabbit">
      <UniqueIdentifier>{39BD38CE-255F-63A4-0E1A-77F8FA5AEAF4}</UniqueIdentifier>
    </Filter>
  </ItemGroup>
  <ItemGroup>
    <ClInclude Include="src\Rabbit.h" />
    <ClInclude Include="src\Rabbit\Application.h">
      <Filter>Rabbit</Filter>
    </ClInclude>
    <ClInclude Include="src\Rabbit\Core.h">
      <Filter>Rabbit</Filter>
    </ClInclude>
    <ClInclude Include="src\Rabbit\EntryPoint.h">
      <Filter>Rabbit</Filter>
    </ClInclude>
    <ClInclude Include="src\Rabbit\Log.h">
      <Filter>Rabbit</Filter>
    </ClInclude>
  </ItemGroup>
  <ItemGroup>
    <ClCompile Include="src\Rabbit\Application.cpp">
      <Filter>Rabbit</Filter>
    </ClCompile>
    <ClCompile Include="src\Rabbit\Log.cpp">
      <Filter>Rabbit</Filter>
    </ClCompile>
  </ItemGroup>
</Project>